// !$*UTF8*$!
{
	archiveVersion = 1;
	classes = {
	};
	objectVersion = 55;
	objects = {

/* Begin PBXBuildFile section */
		5E7E9CB1278D96D00027D277 /* HeaderMyAlbumsCell.swift in Sources */ = {isa = PBXBuildFile; fileRef = 5E7E9CB0278D96D00027D277 /* HeaderMyAlbumsCell.swift */; };
		5E81CF21276F948E00BE03B3 /* AppDelegate.swift in Sources */ = {isa = PBXBuildFile; fileRef = 5E81CF20276F948E00BE03B3 /* AppDelegate.swift */; };
		5E81CF25276F948E00BE03B3 /* GalleryViewController.swift in Sources */ = {isa = PBXBuildFile; fileRef = 5E81CF24276F948E00BE03B3 /* GalleryViewController.swift */; };
		5E81CF28276F948E00BE03B3 /* Main.storyboard in Resources */ = {isa = PBXBuildFile; fileRef = 5E81CF26276F948E00BE03B3 /* Main.storyboard */; };
		5E81CF2A276F948F00BE03B3 /* Assets.xcassets in Resources */ = {isa = PBXBuildFile; fileRef = 5E81CF29276F948F00BE03B3 /* Assets.xcassets */; };
		5E81CF2D276F948F00BE03B3 /* LaunchScreen.storyboard in Resources */ = {isa = PBXBuildFile; fileRef = 5E81CF2B276F948F00BE03B3 /* LaunchScreen.storyboard */; };
		5E81CF53276F9A6A00BE03B3 /* MediaLibraryViewController.swift in Sources */ = {isa = PBXBuildFile; fileRef = 5E81CF52276F9A6A00BE03B3 /* MediaLibraryViewController.swift */; };
		5E81CF56276FC85000BE03B3 /* Model.swift in Sources */ = {isa = PBXBuildFile; fileRef = 5E81CF55276FC85000BE03B3 /* Model.swift */; };
		5EACFFD4278700DC00EBE459 /* MyAlbumsCell.swift in Sources */ = {isa = PBXBuildFile; fileRef = 5EACFFD3278700DC00EBE459 /* MyAlbumsCell.swift */; };
		5EACFFD62787012500EBE459 /* PeopleAndPlacesCell.swift in Sources */ = {isa = PBXBuildFile; fileRef = 5EACFFD52787012500EBE459 /* PeopleAndPlacesCell.swift */; };
		5EACFFD82787013A00EBE459 /* TypesOfMediaCell.swift in Sources */ = {isa = PBXBuildFile; fileRef = 5EACFFD72787013A00EBE459 /* TypesOfMediaCell.swift */; };
		5ED15C952778BBEB001380BA /* AlbumsViewController .swift in Sources */ = {isa = PBXBuildFile; fileRef = 5ED15C942778BBEB001380BA /* AlbumsViewController .swift */; };
/* End PBXBuildFile section */

/* Begin PBXContainerItemProxy section */
		5E81CF34276F948F00BE03B3 /* PBXContainerItemProxy */ = {
			isa = PBXContainerItemProxy;
			containerPortal = 5E81CF15276F948E00BE03B3 /* Project object */;
			proxyType = 1;
			remoteGlobalIDString = 5E81CF1C276F948E00BE03B3;
			remoteInfo = " CollectionView test project";
		};
		5E81CF3E276F948F00BE03B3 /* PBXContainerItemProxy */ = {
			isa = PBXContainerItemProxy;
			containerPortal = 5E81CF15276F948E00BE03B3 /* Project object */;
			proxyType = 1;
			remoteGlobalIDString = 5E81CF1C276F948E00BE03B3;
			remoteInfo = " CollectionView test project";
		};
/* End PBXContainerItemProxy section */

/* Begin PBXFileReference section */
		5E7E9CB0278D96D00027D277 /* HeaderMyAlbumsCell.swift */ = {isa = PBXFileReference; lastKnownFileType = sourcecode.swift; path = HeaderMyAlbumsCell.swift; sourceTree = "<group>"; };
		5E81CF1D276F948E00BE03B3 /*  CollectionView test project.app */ = {isa = PBXFileReference; explicitFileType = wrapper.application; includeInIndex = 0; path = " CollectionView test project.app"; sourceTree = BUILT_PRODUCTS_DIR; };
		5E81CF20276F948E00BE03B3 /* AppDelegate.swift */ = {isa = PBXFileReference; lastKnownFileType = sourcecode.swift; path = AppDelegate.swift; sourceTree = "<group>"; };
		5E81CF24276F948E00BE03B3 /* GalleryViewController.swift */ = {isa = PBXFileReference; lastKnownFileType = sourcecode.swift; path = GalleryViewController.swift; sourceTree = "<group>"; };
		5E81CF27276F948E00BE03B3 /* Base */ = {isa = PBXFileReference; lastKnownFileType = file.storyboard; name = Base; path = Base.lproj/Main.storyboard; sourceTree = "<group>"; };
		5E81CF29276F948F00BE03B3 /* Assets.xcassets */ = {isa = PBXFileReference; lastKnownFileType = folder.assetcatalog; path = Assets.xcassets; sourceTree = "<group>"; };
		5E81CF2C276F948F00BE03B3 /* Base */ = {isa = PBXFileReference; lastKnownFileType = file.storyboard; name = Base; path = Base.lproj/LaunchScreen.storyboard; sourceTree = "<group>"; };
		5E81CF2E276F948F00BE03B3 /* Info.plist */ = {isa = PBXFileReference; lastKnownFileType = text.plist.xml; path = Info.plist; sourceTree = "<group>"; };
		5E81CF33276F948F00BE03B3 /*  CollectionView test projectTests.xctest */ = {isa = PBXFileReference; explicitFileType = wrapper.cfbundle; includeInIndex = 0; path = " CollectionView test projectTests.xctest"; sourceTree = BUILT_PRODUCTS_DIR; };
		5E81CF3D276F948F00BE03B3 /*  CollectionView test projectUITests.xctest */ = {isa = PBXFileReference; explicitFileType = wrapper.cfbundle; includeInIndex = 0; path = " CollectionView test projectUITests.xctest"; sourceTree = BUILT_PRODUCTS_DIR; };
		5E81CF52276F9A6A00BE03B3 /* MediaLibraryViewController.swift */ = {isa = PBXFileReference; lastKnownFileType = sourcecode.swift; path = MediaLibraryViewController.swift; sourceTree = "<group>"; };
		5E81CF55276FC85000BE03B3 /* Model.swift */ = {isa = PBXFileReference; lastKnownFileType = sourcecode.swift; path = Model.swift; sourceTree = "<group>"; };
		5EACFFD3278700DC00EBE459 /* MyAlbumsCell.swift */ = {isa = PBXFileReference; lastKnownFileType = sourcecode.swift; path = MyAlbumsCell.swift; sourceTree = "<group>"; };
		5EACFFD52787012500EBE459 /* PeopleAndPlacesCell.swift */ = {isa = PBXFileReference; lastKnownFileType = sourcecode.swift; path = PeopleAndPlacesCell.swift; sourceTree = "<group>"; };
		5EACFFD72787013A00EBE459 /* TypesOfMediaCell.swift */ = {isa = PBXFileReference; lastKnownFileType = sourcecode.swift; path = TypesOfMediaCell.swift; sourceTree = "<group>"; };
		5ED15C942778BBEB001380BA /* AlbumsViewController .swift */ = {isa = PBXFileReference; lastKnownFileType = sourcecode.swift; path = "AlbumsViewController .swift"; sourceTree = "<group>"; };
/* End PBXFileReference section */

/* Begin PBXFrameworksBuildPhase section */
		5E81CF1A276F948E00BE03B3 /* Frameworks */ = {
			isa = PBXFrameworksBuildPhase;
			buildActionMask = 2147483647;
			files = (
			);
			runOnlyForDeploymentPostprocessing = 0;
		};
		5E81CF30276F948F00BE03B3 /* Frameworks */ = {
			isa = PBXFrameworksBuildPhase;
			buildActionMask = 2147483647;
			files = (
			);
			runOnlyForDeploymentPostprocessing = 0;
		};
		5E81CF3A276F948F00BE03B3 /* Frameworks */ = {
			isa = PBXFrameworksBuildPhase;
			buildActionMask = 2147483647;
			files = (
			);
			runOnlyForDeploymentPostprocessing = 0;
		};
/* End PBXFrameworksBuildPhase section */

/* Begin PBXGroup section */
		5E7E9CAE278D96290027D277 /* MediaLibraryViewController */ = {
			isa = PBXGroup;
			children = (
				5E81CF52276F9A6A00BE03B3 /* MediaLibraryViewController.swift */,
			);
			path = MediaLibraryViewController;
			sourceTree = "<group>";
		};
		5E7E9CAF278D963A0027D277 /* GalleryViewController */ = {
			isa = PBXGroup;
			children = (
				5E81CF24276F948E00BE03B3 /* GalleryViewController.swift */,
			);
			path = GalleryViewController;
			sourceTree = "<group>";
		};
		5E81CF14276F948E00BE03B3 = {
			isa = PBXGroup;
			children = (
				5E81CF1F276F948E00BE03B3 /*  CollectionView test project */,
				5E81CF1E276F948E00BE03B3 /* Products */,
			);
			sourceTree = "<group>";
		};
		5E81CF1E276F948E00BE03B3 /* Products */ = {
			isa = PBXGroup;
			children = (
				5E81CF1D276F948E00BE03B3 /*  CollectionView test project.app */,
				5E81CF33276F948F00BE03B3 /*  CollectionView test projectTests.xctest */,
				5E81CF3D276F948F00BE03B3 /*  CollectionView test projectUITests.xctest */,
			);
			name = Products;
			sourceTree = "<group>";
		};
		5E81CF1F276F948E00BE03B3 /*  CollectionView test project */ = {
			isa = PBXGroup;
			children = (
				5E81CF20276F948E00BE03B3 /* AppDelegate.swift */,
				5E81CF5827708B4700BE03B3 /* PhotoAlbums */,
				5E81CF54276FC01100BE03B3 /* View */,
				5ED15C962778BC76001380BA /* Controllers */,
				5E81CF26276F948E00BE03B3 /* Main.storyboard */,
				5E81CF29276F948F00BE03B3 /* Assets.xcassets */,
				5E81CF2B276F948F00BE03B3 /* LaunchScreen.storyboard */,
				5E81CF2E276F948F00BE03B3 /* Info.plist */,
			);
			path = " CollectionView test project";
			sourceTree = "<group>";
		};
		5E81CF54276FC01100BE03B3 /* View */ = {
			isa = PBXGroup;
			children = (
				5EACFFD3278700DC00EBE459 /* MyAlbumsCell.swift */,
				5E7E9CB0278D96D00027D277 /* HeaderMyAlbumsCell.swift */,
				5EACFFD52787012500EBE459 /* PeopleAndPlacesCell.swift */,
				5EACFFD72787013A00EBE459 /* TypesOfMediaCell.swift */,
			);
			path = View;
			sourceTree = "<group>";
		};
		5E81CF5827708B4700BE03B3 /* PhotoAlbums */ = {
			isa = PBXGroup;
			children = (
				5E81CF55276FC85000BE03B3 /* Model.swift */,
			);
			path = PhotoAlbums;
			sourceTree = "<group>";
		};
		5ED15C962778BC76001380BA /* Controllers */ = {
			isa = PBXGroup;
			children = (
				5ED15C942778BBEB001380BA /* AlbumsViewController .swift */,
				5E7E9CAE278D96290027D277 /* MediaLibraryViewController */,
				5E7E9CAF278D963A0027D277 /* GalleryViewController */,
			);
			path = Controllers;
			sourceTree = "<group>";
		};
/* End PBXGroup section */

/* Begin PBXNativeTarget section */
		5E81CF1C276F948E00BE03B3 /*  CollectionView test project */ = {
			isa = PBXNativeTarget;
			buildConfigurationList = 5E81CF47276F948F00BE03B3 /* Build configuration list for PBXNativeTarget " CollectionView test project" */;
			buildPhases = (
				5E81CF19276F948E00BE03B3 /* Sources */,
				5E81CF1A276F948E00BE03B3 /* Frameworks */,
				5E81CF1B276F948E00BE03B3 /* Resources */,
			);
			buildRules = (
			);
			dependencies = (
			);
			name = " CollectionView test project";
			productName = " CollectionView test project";
			productReference = 5E81CF1D276F948E00BE03B3 /*  CollectionView test project.app */;
			productType = "com.apple.product-type.application";
		};
		5E81CF32276F948F00BE03B3 /*  CollectionView test projectTests */ = {
			isa = PBXNativeTarget;
			buildConfigurationList = 5E81CF4A276F948F00BE03B3 /* Build configuration list for PBXNativeTarget " CollectionView test projectTests" */;
			buildPhases = (
				5E81CF2F276F948F00BE03B3 /* Sources */,
				5E81CF30276F948F00BE03B3 /* Frameworks */,
				5E81CF31276F948F00BE03B3 /* Resources */,
			);
			buildRules = (
			);
			dependencies = (
				5E81CF35276F948F00BE03B3 /* PBXTargetDependency */,
			);
			name = " CollectionView test projectTests";
			productName = " CollectionView test projectTests";
			productReference = 5E81CF33276F948F00BE03B3 /*  CollectionView test projectTests.xctest */;
			productType = "com.apple.product-type.bundle.unit-test";
		};
		5E81CF3C276F948F00BE03B3 /*  CollectionView test projectUITests */ = {
			isa = PBXNativeTarget;
			buildConfigurationList = 5E81CF4D276F948F00BE03B3 /* Build configuration list for PBXNativeTarget " CollectionView test projectUITests" */;
			buildPhases = (
				5E81CF39276F948F00BE03B3 /* Sources */,
				5E81CF3A276F948F00BE03B3 /* Frameworks */,
				5E81CF3B276F948F00BE03B3 /* Resources */,
			);
			buildRules = (
			);
			dependencies = (
				5E81CF3F276F948F00BE03B3 /* PBXTargetDependency */,
			);
			name = " CollectionView test projectUITests";
			productName = " CollectionView test projectUITests";
			productReference = 5E81CF3D276F948F00BE03B3 /*  CollectionView test projectUITests.xctest */;
			productType = "com.apple.product-type.bundle.ui-testing";
		};
/* End PBXNativeTarget section */

/* Begin PBXProject section */
		5E81CF15276F948E00BE03B3 /* Project object */ = {
			isa = PBXProject;
			attributes = {
				BuildIndependentTargetsInParallel = 1;
				LastSwiftUpdateCheck = 1310;
				LastUpgradeCheck = 1310;
				TargetAttributes = {
					5E81CF1C276F948E00BE03B3 = {
						CreatedOnToolsVersion = 13.1;
					};
					5E81CF32276F948F00BE03B3 = {
						CreatedOnToolsVersion = 13.1;
						TestTargetID = 5E81CF1C276F948E00BE03B3;
					};
					5E81CF3C276F948F00BE03B3 = {
						CreatedOnToolsVersion = 13.1;
						TestTargetID = 5E81CF1C276F948E00BE03B3;
					};
				};
			};
			buildConfigurationList = 5E81CF18276F948E00BE03B3 /* Build configuration list for PBXProject " CollectionView test project" */;
			compatibilityVersion = "Xcode 13.0";
			developmentRegion = en;
			hasScannedForEncodings = 0;
			knownRegions = (
				en,
				Base,
			);
			mainGroup = 5E81CF14276F948E00BE03B3;
			productRefGroup = 5E81CF1E276F948E00BE03B3 /* Products */;
			projectDirPath = "";
			projectRoot = "";
			targets = (
				5E81CF1C276F948E00BE03B3 /*  CollectionView test project */,
				5E81CF32276F948F00BE03B3 /*  CollectionView test projectTests */,
				5E81CF3C276F948F00BE03B3 /*  CollectionView test projectUITests */,
			);
		};
/* End PBXProject section */

/* Begin PBXResourcesBuildPhase section */
		5E81CF1B276F948E00BE03B3 /* Resources */ = {
			isa = PBXResourcesBuildPhase;
			buildActionMask = 2147483647;
			files = (
				5E81CF2D276F948F00BE03B3 /* LaunchScreen.storyboard in Resources */,
				5E81CF2A276F948F00BE03B3 /* Assets.xcassets in Resources */,
				5E81CF28276F948E00BE03B3 /* Main.storyboard in Resources */,
			);
			runOnlyForDeploymentPostprocessing = 0;
		};
		5E81CF31276F948F00BE03B3 /* Resources */ = {
			isa = PBXResourcesBuildPhase;
			buildActionMask = 2147483647;
			files = (
			);
			runOnlyForDeploymentPostprocessing = 0;
		};
		5E81CF3B276F948F00BE03B3 /* Resources */ = {
			isa = PBXResourcesBuildPhase;
			buildActionMask = 2147483647;
			files = (
			);
			runOnlyForDeploymentPostprocessing = 0;
		};
/* End PBXResourcesBuildPhase section */

/* Begin PBXSourcesBuildPhase section */
		5E81CF19276F948E00BE03B3 /* Sources */ = {
			isa = PBXSourcesBuildPhase;
			buildActionMask = 2147483647;
			files = (
				5E81CF56276FC85000BE03B3 /* Model.swift in Sources */,
				5E7E9CB1278D96D00027D277 /* HeaderMyAlbumsCell.swift in Sources */,
				5EACFFD4278700DC00EBE459 /* MyAlbumsCell.swift in Sources */,
				5EACFFD62787012500EBE459 /* PeopleAndPlacesCell.swift in Sources */,
				5EACFFD82787013A00EBE459 /* TypesOfMediaCell.swift in Sources */,
				5E81CF25276F948E00BE03B3 /* GalleryViewController.swift in Sources */,
				5ED15C952778BBEB001380BA /* AlbumsViewController .swift in Sources */,
				5E81CF53276F9A6A00BE03B3 /* MediaLibraryViewController.swift in Sources */,
				5E81CF21276F948E00BE03B3 /* AppDelegate.swift in Sources */,
			);
			runOnlyForDeploymentPostprocessing = 0;
		};
		5E81CF2F276F948F00BE03B3 /* Sources */ = {
			isa = PBXSourcesBuildPhase;
			buildActionMask = 2147483647;
			files = (
			);
			runOnlyForDeploymentPostprocessing = 0;
		};
		5E81CF39276F948F00BE03B3 /* Sources */ = {
			isa = PBXSourcesBuildPhase;
			buildActionMask = 2147483647;
			files = (
			);
			runOnlyForDeploymentPostprocessing = 0;
		};
/* End PBXSourcesBuildPhase section */

/* Begin PBXTargetDependency section */
		5E81CF35276F948F00BE03B3 /* PBXTargetDependency */ = {
			isa = PBXTargetDependency;
			target = 5E81CF1C276F948E00BE03B3 /*  CollectionView test project */;
			targetProxy = 5E81CF34276F948F00BE03B3 /* PBXContainerItemProxy */;
		};
		5E81CF3F276F948F00BE03B3 /* PBXTargetDependency */ = {
			isa = PBXTargetDependency;
			target = 5E81CF1C276F948E00BE03B3 /*  CollectionView test project */;
			targetProxy = 5E81CF3E276F948F00BE03B3 /* PBXContainerItemProxy */;
		};
/* End PBXTargetDependency section */

/* Begin PBXVariantGroup section */
		5E81CF26276F948E00BE03B3 /* Main.storyboard */ = {
			isa = PBXVariantGroup;
			children = (
				5E81CF27276F948E00BE03B3 /* Base */,
			);
			name = Main.storyboard;
			sourceTree = "<group>";
		};
		5E81CF2B276F948F00BE03B3 /* LaunchScreen.storyboard */ = {
			isa = PBXVariantGroup;
			children = (
				5E81CF2C276F948F00BE03B3 /* Base */,
			);
			name = LaunchScreen.storyboard;
			sourceTree = "<group>";
		};
/* End PBXVariantGroup section */

/* Begin XCBuildConfiguration section */
		5E81CF45276F948F00BE03B3 /* Debug */ = {
			isa = XCBuildConfiguration;
			buildSettings = {
				ALWAYS_SEARCH_USER_PATHS = NO;
				CLANG_ANALYZER_NONNULL = YES;
				CLANG_ANALYZER_NUMBER_OBJECT_CONVERSION = YES_AGGRESSIVE;
				CLANG_CXX_LANGUAGE_STANDARD = "gnu++17";
				CLANG_CXX_LIBRARY = "libc++";
				CLANG_ENABLE_MODULES = YES;
				CLANG_ENABLE_OBJC_ARC = YES;
				CLANG_ENABLE_OBJC_WEAK = YES;
				CLANG_WARN_BLOCK_CAPTURE_AUTORELEASING = YES;
				CLANG_WARN_BOOL_CONVERSION = YES;
				CLANG_WARN_COMMA = YES;
				CLANG_WARN_CONSTANT_CONVERSION = YES;
				CLANG_WARN_DEPRECATED_OBJC_IMPLEMENTATIONS = YES;
				CLANG_WARN_DIRECT_OBJC_ISA_USAGE = YES_ERROR;
				CLANG_WARN_DOCUMENTATION_COMMENTS = YES;
				CLANG_WARN_EMPTY_BODY = YES;
				CLANG_WARN_ENUM_CONVERSION = YES;
				CLANG_WARN_INFINITE_RECURSION = YES;
				CLANG_WARN_INT_CONVERSION = YES;
				CLANG_WARN_NON_LITERAL_NULL_CONVERSION = YES;
				CLANG_WARN_OBJC_IMPLICIT_RETAIN_SELF = YES;
				CLANG_WARN_OBJC_LITERAL_CONVERSION = YES;
				CLANG_WARN_OBJC_ROOT_CLASS = YES_ERROR;
				CLANG_WARN_QUOTED_INCLUDE_IN_FRAMEWORK_HEADER = YES;
				CLANG_WARN_RANGE_LOOP_ANALYSIS = YES;
				CLANG_WARN_STRICT_PROTOTYPES = YES;
				CLANG_WARN_SUSPICIOUS_MOVE = YES;
				CLANG_WARN_UNGUARDED_AVAILABILITY = YES_AGGRESSIVE;
				CLANG_WARN_UNREACHABLE_CODE = YES;
				CLANG_WARN__DUPLICATE_METHOD_MATCH = YES;
				COPY_PHASE_STRIP = NO;
				DEBUG_INFORMATION_FORMAT = dwarf;
				ENABLE_STRICT_OBJC_MSGSEND = YES;
				ENABLE_TESTABILITY = YES;
				GCC_C_LANGUAGE_STANDARD = gnu11;
				GCC_DYNAMIC_NO_PIC = NO;
				GCC_NO_COMMON_BLOCKS = YES;
				GCC_OPTIMIZATION_LEVEL = 0;
				GCC_PREPROCESSOR_DEFINITIONS = (
					"DEBUG=1",
					"$(inherited)",
				);
				GCC_WARN_64_TO_32_BIT_CONVERSION = YES;
				GCC_WARN_ABOUT_RETURN_TYPE = YES_ERROR;
				GCC_WARN_UNDECLARED_SELECTOR = YES;
				GCC_WARN_UNINITIALIZED_AUTOS = YES_AGGRESSIVE;
				GCC_WARN_UNUSED_FUNCTION = YES;
				GCC_WARN_UNUSED_VARIABLE = YES;
				IPHONEOS_DEPLOYMENT_TARGET = 15.0;
				MTL_ENABLE_DEBUG_INFO = INCLUDE_SOURCE;
				MTL_FAST_MATH = YES;
				ONLY_ACTIVE_ARCH = YES;
				SDKROOT = iphoneos;
				SWIFT_ACTIVE_COMPILATION_CONDITIONS = DEBUG;
				SWIFT_OPTIMIZATION_LEVEL = "-Onone";
			};
			name = Debug;
		};
		5E81CF46276F948F00BE03B3 /* Release */ = {
			isa = XCBuildConfiguration;
			buildSettings = {
				ALWAYS_SEARCH_USER_PATHS = NO;
				CLANG_ANALYZER_NONNULL = YES;
				CLANG_ANALYZER_NUMBER_OBJECT_CONVERSION = YES_AGGRESSIVE;
				CLANG_CXX_LANGUAGE_STANDARD = "gnu++17";
				CLANG_CXX_LIBRARY = "libc++";
				CLANG_ENABLE_MODULES = YES;
				CLANG_ENABLE_OBJC_ARC = YES;
				CLANG_ENABLE_OBJC_WEAK = YES;
				CLANG_WARN_BLOCK_CAPTURE_AUTORELEASING = YES;
				CLANG_WARN_BOOL_CONVERSION = YES;
				CLANG_WARN_COMMA = YES;
				CLANG_WARN_CONSTANT_CONVERSION = YES;
				CLANG_WARN_DEPRECATED_OBJC_IMPLEMENTATIONS = YES;
				CLANG_WARN_DIRECT_OBJC_ISA_USAGE = YES_ERROR;
				CLANG_WARN_DOCUMENTATION_COMMENTS = YES;
				CLANG_WARN_EMPTY_BODY = YES;
				CLANG_WARN_ENUM_CONVERSION = YES;
				CLANG_WARN_INFINITE_RECURSION = YES;
				CLANG_WARN_INT_CONVERSION = YES;
				CLANG_WARN_NON_LITERAL_NULL_CONVERSION = YES;
				CLANG_WARN_OBJC_IMPLICIT_RETAIN_SELF = YES;
				CLANG_WARN_OBJC_LITERAL_CONVERSION = YES;
				CLANG_WARN_OBJC_ROOT_CLASS = YES_ERROR;
				CLANG_WARN_QUOTED_INCLUDE_IN_FRAMEWORK_HEADER = YES;
				CLANG_WARN_RANGE_LOOP_ANALYSIS = YES;
				CLANG_WARN_STRICT_PROTOTYPES = YES;
				CLANG_WARN_SUSPICIOUS_MOVE = YES;
				CLANG_WARN_UNGUARDED_AVAILABILITY = YES_AGGRESSIVE;
				CLANG_WARN_UNREACHABLE_CODE = YES;
				CLANG_WARN__DUPLICATE_METHOD_MATCH = YES;
				COPY_PHASE_STRIP = NO;
				DEBUG_INFORMATION_FORMAT = "dwarf-with-dsym";
				ENABLE_NS_ASSERTIONS = NO;
				ENABLE_STRICT_OBJC_MSGSEND = YES;
				GCC_C_LANGUAGE_STANDARD = gnu11;
				GCC_NO_COMMON_BLOCKS = YES;
				GCC_WARN_64_TO_32_BIT_CONVERSION = YES;
				GCC_WARN_ABOUT_RETURN_TYPE = YES_ERROR;
				GCC_WARN_UNDECLARED_SELECTOR = YES;
				GCC_WARN_UNINITIALIZED_AUTOS = YES_AGGRESSIVE;
				GCC_WARN_UNUSED_FUNCTION = YES;
				GCC_WARN_UNUSED_VARIABLE = YES;
				IPHONEOS_DEPLOYMENT_TARGET = 15.0;
				MTL_ENABLE_DEBUG_INFO = NO;
				MTL_FAST_MATH = YES;
				SDKROOT = iphoneos;
				SWIFT_COMPILATION_MODE = wholemodule;
				SWIFT_OPTIMIZATION_LEVEL = "-O";
				VALIDATE_PRODUCT = YES;
			};
			name = Release;
		};
		5E81CF48276F948F00BE03B3 /* Debug */ = {
			isa = XCBuildConfiguration;
			buildSettings = {
				ASSETCATALOG_COMPILER_APPICON_NAME = AppIcon;
				ASSETCATALOG_COMPILER_GLOBAL_ACCENT_COLOR_NAME = AccentColor;
				CODE_SIGN_STYLE = Automatic;
				CURRENT_PROJECT_VERSION = 1;
				GENERATE_INFOPLIST_FILE = YES;
				INFOPLIST_FILE = " CollectionView test project/Info.plist";
				INFOPLIST_KEY_UIApplicationSupportsIndirectInputEvents = YES;
				INFOPLIST_KEY_UILaunchStoryboardName = LaunchScreen;
				INFOPLIST_KEY_UIMainStoryboardFile = Main;
				INFOPLIST_KEY_UISupportedInterfaceOrientations_iPad = "UIInterfaceOrientationPortrait UIInterfaceOrientationPortraitUpsideDown UIInterfaceOrientationLandscapeLeft UIInterfaceOrientationLandscapeRight";
				INFOPLIST_KEY_UISupportedInterfaceOrientations_iPhone = "UIInterfaceOrientationPortrait UIInterfaceOrientationLandscapeLeft UIInterfaceOrientationLandscapeRight";
				IPHONEOS_DEPLOYMENT_TARGET = 14.0;
				LD_RUNPATH_SEARCH_PATHS = (
					"$(inherited)",
					"@executable_path/Frameworks",
				);
				MARKETING_VERSION = 1.0;
				PRODUCT_BUNDLE_IDENTIFIER = "evgenyganusenko.-CollectionView-test-project";
				PRODUCT_NAME = "$(TARGET_NAME)";
				SWIFT_EMIT_LOC_STRINGS = YES;
				SWIFT_VERSION = 5.0;
				TARGETED_DEVICE_FAMILY = 1;
			};
			name = Debug;
		};
		5E81CF49276F948F00BE03B3 /* Release */ = {
			isa = XCBuildConfiguration;
			buildSettings = {
				ASSETCATALOG_COMPILER_APPICON_NAME = AppIcon;
				ASSETCATALOG_COMPILER_GLOBAL_ACCENT_COLOR_NAME = AccentColor;
				CODE_SIGN_STYLE = Automatic;
				CURRENT_PROJECT_VERSION = 1;
				GENERATE_INFOPLIST_FILE = YES;
				INFOPLIST_FILE = " CollectionView test project/Info.plist";
				INFOPLIST_KEY_UIApplicationSupportsIndirectInputEvents = YES;
				INFOPLIST_KEY_UILaunchStoryboardName = LaunchScreen;
				INFOPLIST_KEY_UIMainStoryboardFile = Main;
				INFOPLIST_KEY_UISupportedInterfaceOrientations_iPad = "UIInterfaceOrientationPortrait UIInterfaceOrientationPortraitUpsideDown UIInterfaceOrientationLandscapeLeft UIInterfaceOrientationLandscapeRight";
				INFOPLIST_KEY_UISupportedInterfaceOrientations_iPhone = "UIInterfaceOrientationPortrait UIInterfaceOrientationLandscapeLeft UIInterfaceOrientationLandscapeRight";
				IPHONEOS_DEPLOYMENT_TARGET = 14.0;
				LD_RUNPATH_SEARCH_PATHS = (
					"$(inherited)",
					"@executable_path/Frameworks",
				);
				MARKETING_VERSION = 1.0;
				PRODUCT_BUNDLE_IDENTIFIER = "evgenyganusenko.-CollectionView-test-project";
				PRODUCT_NAME = "$(TARGET_NAME)";
				SWIFT_EMIT_LOC_STRINGS = YES;
				SWIFT_VERSION = 5.0;
				TARGETED_DEVICE_FAMILY = 1;
			};
			name = Release;
		};
		5E81CF4B276F948F00BE03B3 /* Debug */ = {
			isa = XCBuildConfiguration;
			buildSettings = {
				ALWAYS_EMBED_SWIFT_STANDARD_LIBRARIES = YES;
				BUNDLE_LOADER = "$(TEST_HOST)";
				CODE_SIGN_STYLE = Automatic;
				CURRENT_PROJECT_VERSION = 1;
				GENERATE_INFOPLIST_FILE = YES;
				IPHONEOS_DEPLOYMENT_TARGET = 15.0;
				LD_RUNPATH_SEARCH_PATHS = (
					"$(inherited)",
					"@executable_path/Frameworks",
					"@loader_path/Frameworks",
				);
				MARKETING_VERSION = 1.0;
				PRODUCT_BUNDLE_IDENTIFIER = "evgenyganusenko.-CollectionView-test-projectTests";
				PRODUCT_NAME = "$(TARGET_NAME)";
				SWIFT_EMIT_LOC_STRINGS = NO;
				SWIFT_VERSION = 5.0;
				TARGETED_DEVICE_FAMILY = "1,2";
				TEST_HOST = "$(BUILT_PRODUCTS_DIR)/ CollectionView test project.app/ CollectionView test project";
			};
			name = Debug;
		};
		5E81CF4C276F948F00BE03B3 /* Release */ = {
			isa = XCBuildConfiguration;
			buildSettings = {
				ALWAYS_EMBED_SWIFT_STANDARD_LIBRARIES = YES;
				BUNDLE_LOADER = "$(TEST_HOST)";
				CODE_SIGN_STYLE = Automatic;
				CURRENT_PROJECT_VERSION = 1;
				GENERATE_INFOPLIST_FILE = YES;
				IPHONEOS_DEPLOYMENT_TARGET = 15.0;
				LD_RUNPATH_SEARCH_PATHS = (
					"$(inherited)",
					"@executable_path/Frameworks",
					"@loader_path/Frameworks",
				);
				MARKETING_VERSION = 1.0;
				PRODUCT_BUNDLE_IDENTIFIER = "evgenyganusenko.-CollectionView-test-projectTests";
				PRODUCT_NAME = "$(TARGET_NAME)";
				SWIFT_EMIT_LOC_STRINGS = NO;
				SWIFT_VERSION = 5.0;
				TARGETED_DEVICE_FAMILY = "1,2";
				TEST_HOST = "$(BUILT_PRODUCTS_DIR)/ CollectionView test project.app/ CollectionView test project";
			};
			name = Release;
		};
		5E81CF4E276F948F00BE03B3 /* Debug */ = {
			isa = XCBuildConfiguration;
			buildSettings = {
				ALWAYS_EMBED_SWIFT_STANDARD_LIBRARIES = YES;
				CODE_SIGN_STYLE = Automatic;
				CURRENT_PROJECT_VERSION = 1;
				GENERATE_INFOPLIST_FILE = YES;
				LD_RUNPATH_SEARCH_PATHS = (
					"$(inherited)",
					"@executable_path/Frameworks",
					"@loader_path/Frameworks",
				);
				MARKETING_VERSION = 1.0;
				PRODUCT_BUNDLE_IDENTIFIER = "evgenyganusenko.-CollectionView-test-projectUITests";
				PRODUCT_NAME = "$(TARGET_NAME)";
				SWIFT_EMIT_LOC_STRINGS = NO;
				SWIFT_VERSION = 5.0;
				TARGETED_DEVICE_FAMILY = "1,2";
				TEST_TARGET_NAME = " CollectionView test project";
			};
			name = Debug;
		};
		5E81CF4F276F948F00BE03B3 /* Release */ = {
			isa = XCBuildConfiguration;
			buildSettings = {
				ALWAYS_EMBED_SWIFT_STANDARD_LIBRARIES = YES;
				CODE_SIGN_STYLE = Automatic;
				CURRENT_PROJECT_VERSION = 1;
				GENERATE_INFOPLIST_FILE = YES;
				LD_RUNPATH_SEARCH_PATHS = (
					"$(inherited)",
					"@executable_path/Frameworks",
					"@loader_path/Frameworks",
				);
				MARKETING_VERSION = 1.0;
				PRODUCT_BUNDLE_IDENTIFIER = "evgenyganusenko.-CollectionView-test-projectUITests";
				PRODUCT_NAME = "$(TARGET_NAME)";
				SWIFT_EMIT_LOC_STRINGS = NO;
				SWIFT_VERSION = 5.0;
				TARGETED_DEVICE_FAMILY = "1,2";
				TEST_TARGET_NAME = " CollectionView test project";
			};
			name = Release;
		};
/* End XCBuildConfiguration section */

/* Begin XCConfigurationList section */
		5E81CF18276F948E00BE03B3 /* Build configuration list for PBXProject " CollectionView test project" */ = {
			isa = XCConfigurationList;
			buildConfigurations = (
				5E81CF45276F948F00BE03B3 /* Debug */,
				5E81CF46276F948F00BE03B3 /* Release */,
			);
			defaultConfigurationIsVisible = 0;
			defaultConfigurationName = Release;
		};
		5E81CF47276F948F00BE03B3 /* Build configuration list for PBXNativeTarget " CollectionView test project" */ = {
			isa = XCConfigurationList;
			buildConfigurations = (
				5E81CF48276F948F00BE03B3 /* Debug */,
				5E81CF49276F948F00BE03B3 /* Release */,
			);
			defaultConfigurationIsVisible = 0;
			defaultConfigurationName = Release;
		};
		5E81CF4A276F948F00BE03B3 /* Build configuration list for PBXNativeTarget " CollectionView test projectTests" */ = {
			isa = XCConfigurationList;
			buildConfigurations = (
				5E81CF4B276F948F00BE03B3 /* Debug */,
				5E81CF4C276F948F00BE03B3 /* Release */,
			);
			defaultConfigurationIsVisible = 0;
			defaultConfigurationName = Release;
		};
		5E81CF4D276F948F00BE03B3 /* Build configuration list for PBXNativeTarget " CollectionView test projectUITests" */ = {
			isa = XCConfigurationList;
			buildConfigurations = (
				5E81CF4E276F948F00BE03B3 /* Debug */,
				5E81CF4F276F948F00BE03B3 /* Release */,
			);
			defaultConfigurationIsVisible = 0;
			defaultConfigurationName = Release;
		};
/* End XCConfigurationList section */
	};
	rootObject = 5E81CF15276F948E00BE03B3 /* Project object */;
}
